// !$*UTF8*$!
{
	archiveVersion = 1;
	classes = {
	};
	objectVersion = 45;
	objects = {

/* Begin PBXBuildFile section */
		1DDD58160DA1D0A300B32029 /* MainMenu.xib in Resources */ = {isa = PBXBuildFile; fileRef = 1DDD58140DA1D0A300B32029 /* MainMenu.xib */; };
		256AC3DA0F4B6AC300CF3369 /* AfGuiAppDelegate.m in Sources */ = {isa = PBXBuildFile; fileRef = 256AC3D90F4B6AC300CF3369 /* AfGuiAppDelegate.m */; };
		7FAD9FD211F61A6200E42743 /* FlameController.m in Sources */ = {isa = PBXBuildFile; fileRef = 7FAD9FD111F61A6200E42743 /* FlameController.m */; };
		7FADA0A211F6682D00E42743 /* afView.m in Sources */ = {isa = PBXBuildFile; fileRef = 7FADA0A111F6682D00E42743 /* afView.m */; };
		7FADA1A511F8D23000E42743 /* aftool in Resources */ = {isa = PBXBuildFile; fileRef = 7FADA1A411F8D23000E42743 /* aftool */; };
		7FADA23011F8FD8900E42743 /* finished.m in Sources */ = {isa = PBXBuildFile; fileRef = 7FADA22F11F8FD8900E42743 /* finished.m */; };
		7FADA42C11FBAEEE00E42743 /* icon.icns in Resources */ = {isa = PBXBuildFile; fileRef = 7FADA42B11FBAEEE00E42743 /* icon.icns */; };
		7FF30A0611F4C203000A0BF9 /* AppController.m in Sources */ = {isa = PBXBuildFile; fileRef = 7FF30A0511F4C203000A0BF9 /* AppController.m */; };
		7FF30A0B11F4C22F000A0BF9 /* af.m in Sources */ = {isa = PBXBuildFile; fileRef = 7FF30A0A11F4C22F000A0BF9 /* af.m */; };
		7FF30A1A11F4C47A000A0BF9 /* af.xib in Resources */ = {isa = PBXBuildFile; fileRef = 7FF30A1911F4C47A000A0BF9 /* af.xib */; };
		7FF30AA211F518F0000A0BF9 /* blend.m in Sources */ = {isa = PBXBuildFile; fileRef = 7FF30AA111F518F0000A0BF9 /* blend.m */; };
		7FF30AA611F51906000A0BF9 /* blend.xib in Resources */ = {isa = PBXBuildFile; fileRef = 7FF30AA511F51906000A0BF9 /* blend.xib */; };
		8D11072B0486CEB800E47090 /* InfoPlist.strings in Resources */ = {isa = PBXBuildFile; fileRef = 089C165CFE840E0CC02AAC07 /* InfoPlist.strings */; };
		8D11072D0486CEB800E47090 /* main.m in Sources */ = {isa = PBXBuildFile; fileRef = 29B97316FDCFA39411CA2CEA /* main.m */; settings = {ATTRIBUTES = (); }; };
		8D11072F0486CEB800E47090 /* Cocoa.framework in Frameworks */ = {isa = PBXBuildFile; fileRef = 1058C7A1FEA54F0111CA2CBB /* Cocoa.framework */; };
/* End PBXBuildFile section */

/* Begin PBXFileReference section */
		089C165DFE840E0CC02AAC07 /* English */ = {isa = PBXFileReference; fileEncoding = 4; lastKnownFileType = text.plist.strings; name = English; path = English.lproj/InfoPlist.strings; sourceTree = "<group>"; };
		1058C7A1FEA54F0111CA2CBB /* Cocoa.framework */ = {isa = PBXFileReference; lastKnownFileType = wrapper.framework; name = Cocoa.framework; path = /System/Library/Frameworks/Cocoa.framework; sourceTree = "<absolute>"; };
		13E42FB307B3F0F600E4EEF1 /* CoreData.framework */ = {isa = PBXFileReference; lastKnownFileType = wrapper.framework; name = CoreData.framework; path = /System/Library/Frameworks/CoreData.framework; sourceTree = "<absolute>"; };
		1DDD58150DA1D0A300B32029 /* English */ = {isa = PBXFileReference; lastKnownFileType = file.xib; name = English; path = English.lproj/MainMenu.xib; sourceTree = "<group>"; };
		256AC3D80F4B6AC300CF3369 /* AfGuiAppDelegate.h */ = {isa = PBXFileReference; fileEncoding = 4; lastKnownFileType = sourcecode.c.h; path = AfGuiAppDelegate.h; sourceTree = "<group>"; };
		256AC3D90F4B6AC300CF3369 /* AfGuiAppDelegate.m */ = {isa = PBXFileReference; fileEncoding = 4; lastKnownFileType = sourcecode.c.objc; path = AfGuiAppDelegate.m; sourceTree = "<group>"; };
		256AC3F00F4B6AF500CF3369 /* AfGui_Prefix.pch */ = {isa = PBXFileReference; fileEncoding = 4; lastKnownFileType = sourcecode.c.h; path = AfGui_Prefix.pch; sourceTree = "<group>"; };
		29B97316FDCFA39411CA2CEA /* main.m */ = {isa = PBXFileReference; fileEncoding = 4; lastKnownFileType = sourcecode.c.objc; path = main.m; sourceTree = "<group>"; };
		29B97324FDCFA39411CA2CEA /* AppKit.framework */ = {isa = PBXFileReference; lastKnownFileType = wrapper.framework; name = AppKit.framework; path = /System/Library/Frameworks/AppKit.framework; sourceTree = "<absolute>"; };
		29B97325FDCFA39411CA2CEA /* Foundation.framework */ = {isa = PBXFileReference; lastKnownFileType = wrapper.framework; name = Foundation.framework; path = /System/Library/Frameworks/Foundation.framework; sourceTree = "<absolute>"; };
		7FAD9FD011F61A6200E42743 /* FlameController.h */ = {isa = PBXFileReference; fileEncoding = 4; lastKnownFileType = sourcecode.c.h; path = FlameController.h; sourceTree = "<group>"; };
		7FAD9FD111F61A6200E42743 /* FlameController.m */ = {isa = PBXFileReference; fileEncoding = 4; lastKnownFileType = sourcecode.c.objc; path = FlameController.m; sourceTree = "<group>"; };
		7FADA0A011F6682D00E42743 /* afView.h */ = {isa = PBXFileReference; fileEncoding = 4; lastKnownFileType = sourcecode.c.h; path = afView.h; sourceTree = "<group>"; };
		7FADA0A111F6682D00E42743 /* afView.m */ = {isa = PBXFileReference; fileEncoding = 4; lastKnownFileType = sourcecode.c.objc; path = afView.m; sourceTree = "<group>"; };
		7FADA1A411F8D23000E42743 /* aftool */ = {isa = PBXFileReference; lastKnownFileType = "compiled.mach-o.executable"; path = aftool; sourceTree = "<group>"; };
		7FADA22E11F8FD8900E42743 /* finished.h */ = {isa = PBXFileReference; fileEncoding = 4; lastKnownFileType = sourcecode.c.h; path = finished.h; sourceTree = "<group>"; };
		7FADA22F11F8FD8900E42743 /* finished.m */ = {isa = PBXFileReference; fileEncoding = 4; lastKnownFileType = sourcecode.c.objc; path = finished.m; sourceTree = "<group>"; };
		7FADA42B11FBAEEE00E42743 /* icon.icns */ = {isa = PBXFileReference; lastKnownFileType = image.icns; path = icon.icns; sourceTree = "<group>"; };
		7FF30A0411F4C203000A0BF9 /* AppController.h */ = {isa = PBXFileReference; fileEncoding = 4; lastKnownFileType = sourcecode.c.h; path = AppController.h; sourceTree = "<group>"; };
		7FF30A0511F4C203000A0BF9 /* AppController.m */ = {isa = PBXFileReference; fileEncoding = 4; lastKnownFileType = sourcecode.c.objc; path = AppController.m; sourceTree = "<group>"; };
		7FF30A0911F4C22F000A0BF9 /* af.h */ = {isa = PBXFileReference; fileEncoding = 4; lastKnownFileType = sourcecode.c.h; path = af.h; sourceTree = "<group>"; };
		7FF30A0A11F4C22F000A0BF9 /* af.m */ = {isa = PBXFileReference; fileEncoding = 4; lastKnownFileType = sourcecode.c.objc; path = af.m; sourceTree = "<group>"; };
		7FF30A1911F4C47A000A0BF9 /* af.xib */ = {isa = PBXFileReference; lastKnownFileType = file.xib; path = af.xib; sourceTree = "<group>"; };
		7FF30AA011F518F0000A0BF9 /* blend.h */ = {isa = PBXFileReference; fileEncoding = 4; lastKnownFileType = sourcecode.c.h; path = blend.h; sourceTree = "<group>"; };
		7FF30AA111F518F0000A0BF9 /* blend.m */ = {isa = PBXFileReference; fileEncoding = 4; lastKnownFileType = sourcecode.c.objc; path = blend.m; sourceTree = "<group>"; };
		7FF30AA511F51906000A0BF9 /* blend.xib */ = {isa = PBXFileReference; lastKnownFileType = file.xib; path = blend.xib; sourceTree = "<group>"; };
		8D1107310486CEB800E47090 /* AfGui-Info.plist */ = {isa = PBXFileReference; fileEncoding = 4; lastKnownFileType = text.plist.xml; path = "AfGui-Info.plist"; sourceTree = "<group>"; };
		8D1107320486CEB800E47090 /* AfGui.app */ = {isa = PBXFileReference; explicitFileType = wrapper.application; includeInIndex = 0; path = AfGui.app; sourceTree = BUILT_PRODUCTS_DIR; };
/* End PBXFileReference section */

/* Begin PBXFrameworksBuildPhase section */
		8D11072E0486CEB800E47090 /* Frameworks */ = {
			isa = PBXFrameworksBuildPhase;
			buildActionMask = 2147483647;
			files = (
				8D11072F0486CEB800E47090 /* Cocoa.framework in Frameworks */,
			);
			runOnlyForDeploymentPostprocessing = 0;
		};
/* End PBXFrameworksBuildPhase section */

/* Begin PBXGroup section */
		080E96DDFE201D6D7F000001 /* Classes */ = {
			isa = PBXGroup;
			children = (
				7FADA0A011F6682D00E42743 /* afView.h */,
				7FADA0A111F6682D00E42743 /* afView.m */,
				7FAD9FD011F61A6200E42743 /* FlameController.h */,
				7FAD9FD111F61A6200E42743 /* FlameController.m */,
				7FF30A0911F4C22F000A0BF9 /* af.h */,
				7FF30A0A11F4C22F000A0BF9 /* af.m */,
				256AC3D80F4B6AC300CF3369 /* AfGuiAppDelegate.h */,
				256AC3D90F4B6AC300CF3369 /* AfGuiAppDelegate.m */,
				7FF30A0411F4C203000A0BF9 /* AppController.h */,
				7FF30A0511F4C203000A0BF9 /* AppController.m */,
				7FF30AA011F518F0000A0BF9 /* blend.h */,
				7FF30AA111F518F0000A0BF9 /* blend.m */,
				7FADA22E11F8FD8900E42743 /* finished.h */,
				7FADA22F11F8FD8900E42743 /* finished.m */,
			);
			name = Classes;
			sourceTree = "<group>";
		};
		1058C7A0FEA54F0111CA2CBB /* Linked Frameworks */ = {
			isa = PBXGroup;
			children = (
				1058C7A1FEA54F0111CA2CBB /* Cocoa.framework */,
			);
			name = "Linked Frameworks";
			sourceTree = "<group>";
		};
		1058C7A2FEA54F0111CA2CBB /* Other Frameworks */ = {
			isa = PBXGroup;
			children = (
				29B97324FDCFA39411CA2CEA /* AppKit.framework */,
				13E42FB307B3F0F600E4EEF1 /* CoreData.framework */,
				29B97325FDCFA39411CA2CEA /* Foundation.framework */,
			);
			name = "Other Frameworks";
			sourceTree = "<group>";
		};
		19C28FACFE9D520D11CA2CBB /* Products */ = {
			isa = PBXGroup;
			children = (
				8D1107320486CEB800E47090 /* AfGui.app */,
			);
			name = Products;
			sourceTree = "<group>";
		};
		29B97314FDCFA39411CA2CEA /* AfGui */ = {
			isa = PBXGroup;
			children = (
				080E96DDFE201D6D7F000001 /* Classes */,
				29B97315FDCFA39411CA2CEA /* Other Sources */,
				29B97317FDCFA39411CA2CEA /* Resources */,
				29B97323FDCFA39411CA2CEA /* Frameworks */,
				19C28FACFE9D520D11CA2CBB /* Products */,
			);
			name = AfGui;
			sourceTree = "<group>";
		};
		29B97315FDCFA39411CA2CEA /* Other Sources */ = {
			isa = PBXGroup;
			children = (
				256AC3F00F4B6AF500CF3369 /* AfGui_Prefix.pch */,
				29B97316FDCFA39411CA2CEA /* main.m */,
			);
			name = "Other Sources";
			sourceTree = "<group>";
		};
		29B97317FDCFA39411CA2CEA /* Resources */ = {
			isa = PBXGroup;
			children = (
				7FADA42B11FBAEEE00E42743 /* icon.icns */,
				7FADA1A411F8D23000E42743 /* aftool */,
				7FF30AA511F51906000A0BF9 /* blend.xib */,
				7FF30A1911F4C47A000A0BF9 /* af.xib */,
				8D1107310486CEB800E47090 /* AfGui-Info.plist */,
				089C165CFE840E0CC02AAC07 /* InfoPlist.strings */,
				1DDD58140DA1D0A300B32029 /* MainMenu.xib */,
			);
			name = Resources;
			sourceTree = "<group>";
		};
		29B97323FDCFA39411CA2CEA /* Frameworks */ = {
			isa = PBXGroup;
			children = (
				1058C7A0FEA54F0111CA2CBB /* Linked Frameworks */,
				1058C7A2FEA54F0111CA2CBB /* Other Frameworks */,
			);
			name = Frameworks;
			sourceTree = "<group>";
		};
/* End PBXGroup section */

/* Begin PBXNativeTarget section */
		8D1107260486CEB800E47090 /* AfGui */ = {
			isa = PBXNativeTarget;
			buildConfigurationList = C01FCF4A08A954540054247B /* Build configuration list for PBXNativeTarget "AfGui" */;
			buildPhases = (
				8D1107290486CEB800E47090 /* Resources */,
				8D11072C0486CEB800E47090 /* Sources */,
				8D11072E0486CEB800E47090 /* Frameworks */,
			);
			buildRules = (
			);
			dependencies = (
			);
			name = AfGui;
			productInstallPath = "$(HOME)/Applications";
			productName = AfGui;
			productReference = 8D1107320486CEB800E47090 /* AfGui.app */;
			productType = "com.apple.product-type.application";
		};
/* End PBXNativeTarget section */

/* Begin PBXProject section */
		29B97313FDCFA39411CA2CEA /* Project object */ = {
			isa = PBXProject;
			buildConfigurationList = C01FCF4E08A954540054247B /* Build configuration list for PBXProject "AfGui" */;
			compatibilityVersion = "Xcode 3.1";
			hasScannedForEncodings = 1;
			mainGroup = 29B97314FDCFA39411CA2CEA /* AfGui */;
			projectDirPath = "";
			projectRoot = "";
			targets = (
				8D1107260486CEB800E47090 /* AfGui */,
			);
		};
/* End PBXProject section */

/* Begin PBXResourcesBuildPhase section */
		8D1107290486CEB800E47090 /* Resources */ = {
			isa = PBXResourcesBuildPhase;
			buildActionMask = 2147483647;
			files = (
				8D11072B0486CEB800E47090 /* InfoPlist.strings in Resources */,
				1DDD58160DA1D0A300B32029 /* MainMenu.xib in Resources */,
				7FF30A1A11F4C47A000A0BF9 /* af.xib in Resources */,
				7FF30AA611F51906000A0BF9 /* blend.xib in Resources */,
				7FADA1A511F8D23000E42743 /* aftool in Resources */,
				7FADA42C11FBAEEE00E42743 /* icon.icns in Resources */,
			);
			runOnlyForDeploymentPostprocessing = 0;
		};
/* End PBXResourcesBuildPhase section */

/* Begin PBXSourcesBuildPhase section */
		8D11072C0486CEB800E47090 /* Sources */ = {
			isa = PBXSourcesBuildPhase;
			buildActionMask = 2147483647;
			files = (
				8D11072D0486CEB800E47090 /* main.m in Sources */,
				256AC3DA0F4B6AC300CF3369 /* AfGuiAppDelegate.m in Sources */,
				7FF30A0611F4C203000A0BF9 /* AppController.m in Sources */,
				7FF30A0B11F4C22F000A0BF9 /* af.m in Sources */,
				7FF30AA211F518F0000A0BF9 /* blend.m in Sources */,
				7FAD9FD211F61A6200E42743 /* FlameController.m in Sources */,
				7FADA0A211F6682D00E42743 /* afView.m in Sources */,
				7FADA23011F8FD8900E42743 /* finished.m in Sources */,
			);
			runOnlyForDeploymentPostprocessing = 0;
		};
/* End PBXSourcesBuildPhase section */

/* Begin PBXVariantGroup section */
		089C165CFE840E0CC02AAC07 /* InfoPlist.strings */ = {
			isa = PBXVariantGroup;
			children = (
				089C165DFE840E0CC02AAC07 /* English */,
			);
			name = InfoPlist.strings;
			sourceTree = "<group>";
		};
		1DDD58140DA1D0A300B32029 /* MainMenu.xib */ = {
			isa = PBXVariantGroup;
			children = (
				1DDD58150DA1D0A300B32029 /* English */,
			);
			name = MainMenu.xib;
			sourceTree = "<group>";
		};
/* End PBXVariantGroup section */

/* Begin XCBuildConfiguration section */
		C01FCF4B08A954540054247B /* Debug */ = {
			isa = XCBuildConfiguration;
			buildSettings = {
				ALWAYS_SEARCH_USER_PATHS = NO;
				COPY_PHASE_STRIP = NO;
				GCC_DYNAMIC_NO_PIC = NO;
				GCC_ENABLE_FIX_AND_CONTINUE = YES;
				GCC_MODEL_TUNING = G5;
				GCC_OPTIMIZATION_LEVEL = 0;
				GCC_PRECOMPILE_PREFIX_HEADER = YES;
				GCC_PREFIX_HEADER = AfGui_Prefix.pch;
				INFOPLIST_FILE = "AfGui-Info.plist";
				INSTALL_PATH = "$(HOME)/Applications";
				PRODUCT_NAME = AfGui;
			};
			name = Debug;
		};
		C01FCF4C08A954540054247B /* Release */ = {
			isa = XCBuildConfiguration;
			buildSettings = {
				ALWAYS_SEARCH_USER_PATHS = NO;
				DEBUG_INFORMATION_FORMAT = "dwarf-with-dsym";
				GCC_MODEL_TUNING = G5;
				GCC_PRECOMPILE_PREFIX_HEADER = YES;
				GCC_PREFIX_HEADER = AfGui_Prefix.pch;
				INFOPLIST_FILE = "AfGui-Info.plist";
				INSTALL_PATH = "$(HOME)/Applications";
				PRODUCT_NAME = AfGui;
			};
			name = Release;
		};
		C01FCF4F08A954540054247B /* Debug */ = {
			isa = XCBuildConfiguration;
			buildSettings = {
				ARCHS = "$(ARCHS_STANDARD_32_64_BIT)";
				GCC_C_LANGUAGE_STANDARD = gnu99;
				GCC_OPTIMIZATION_LEVEL = 0;
				GCC_WARN_ABOUT_RETURN_TYPE = YES;
				GCC_WARN_UNUSED_VARIABLE = YES;
				ONLY_ACTIVE_ARCH = YES;
				PREBINDING = NO;
				SDKROOT = macosx10.6;
			};
			name = Debug;
		};
		C01FCF5008A954540054247B /* Release */ = {
			isa = XCBuildConfiguration;
			buildSettings = {
				ARCHS = "$(ARCHS_STANDARD_32_64_BIT)";
				GCC_C_LANGUAGE_STANDARD = gnu99;
				GCC_WARN_ABOUT_RETURN_TYPE = YES;
				GCC_WARN_UNUSED_VARIABLE = YES;
				PREBINDING = NO;
				SDKROOT = macosx10.6;
			};
			name = Release;
		};
/* End XCBuildConfiguration section */

/* Begin XCConfigurationList section */
		C01FCF4A08A954540054247B /* Build configuration list for PBXNativeTarget "AfGui" */ = {
			isa = XCConfigurationList;
			buildConfigurations = (
				C01FCF4B08A954540054247B /* Debug */,
				C01FCF4C08A954540054247B /* Release */,
			);
			defaultConfigurationIsVisible = 0;
			defaultConfigurationName = Release;
		};
		C01FCF4E08A954540054247B /* Build configuration list for PBXProject "AfGui" */ = {
			isa = XCConfigurationList;
			buildConfigurations = (
				C01FCF4F08A954540054247B /* Debug */,
				C01FCF5008A954540054247B /* Release */,
			);
			defaultConfigurationIsVisible = 0;
			defaultConfigurationName = Release;
		};
/* End XCConfigurationList section */
	};
	rootObject = 29B97313FDCFA39411CA2CEA /* Project object */;
}
